
Microsoft Visual Studio Solution File, Format Version 12.00
# Visual Studio 15
VisualStudioVersion = 15.0.28307.572
MinimumVisualStudioVersion = 10.0.40219.1
Project("{FAE04EC0-301F-11D3-BF4B-00C04F79EFBC}") = "StoreProject", "StoreProject\StoreProject.csproj", "{EFDD85F1-57CD-4F2A-9AE2-58C1001AAEA9}"
EndProject
Project("{2150E333-8FDC-42A3-9474-1A3956D46DE8}") = "Controlers", "Controlers", "{7EAA89C1-CDB5-4870-9A37-D52DD8C9DD82}"
EndProject
Global
	GlobalSection(SolutionConfigurationPlatforms) = preSolution
		Debug|Any CPU = Debug|Any CPU
		Release|Any CPU = Release|Any CPU
	EndGlobalSection
	GlobalSection(ProjectConfigurationPlatforms) = postSolution
		{EFDD85F1-57CD-4F2A-9AE2-58C1001AAEA9}.Debug|Any CPU.ActiveCfg = Debug|Any CPU
		{EFDD85F1-57CD-4F2A-9AE2-58C1001AAEA9}.Debug|Any CPU.Build.0 = Debug|Any CPU
		{EFDD85F1-57CD-4F2A-9AE2-58C1001AAEA9}.Release|Any CPU.ActiveCfg = Release|Any CPU
		{EFDD85F1-57CD-4F2A-9AE2-58C1001AAEA9}.Release|Any CPU.Build.0 = Release|Any CPU
	EndGlobalSection
	GlobalSection(SolutionProperties) = preSolution
		HideSolutionNode = FALSE
	EndGlobalSection
	GlobalSection(ExtensibilityGlobals) = postSolution
		SolutionGuid = {D0912786-4B40-4A70-A04B-73877CCE6B0D}
	EndGlobalSection
EndGlobal
